
Microsoft Visual Studio Solution File, Format Version 12.00
# Visual Studio Version 16
VisualStudioVersion = 16.0.29926.136
MinimumVisualStudioVersion = 10.0.40219.1
Project("{FAE04EC0-301F-11D3-BF4B-00C04F79EFBC}") = "WebApplication6", "WebApplication6\WebApplication6.csproj", "{D998C302-6F2B-41C9-A48B-46B441D67386}"
EndProject
Global
	GlobalSection(SolutionConfigurationPlatforms) = preSolution
		Debug|Any CPU = Debug|Any CPU
		Release|Any CPU = Release|Any CPU
	EndGlobalSection
	GlobalSection(ProjectConfigurationPlatforms) = postSolution
		{D998C302-6F2B-41C9-A48B-46B441D67386}.Debug|Any CPU.ActiveCfg = Debug|Any CPU
		{D998C302-6F2B-41C9-A48B-46B441D67386}.Debug|Any CPU.Build.0 = Debug|Any CPU
		{D998C302-6F2B-41C9-A48B-46B441D67386}.Release|Any CPU.ActiveCfg = Release|Any CPU
		{D998C302-6F2B-41C9-A48B-46B441D67386}.Release|Any CPU.Build.0 = Release|Any CPU
	EndGlobalSection
	GlobalSection(SolutionProperties) = preSolution
		HideSolutionNode = FALSE
	EndGlobalSection
	GlobalSection(ExtensibilityGlobals) = postSolution
		SolutionGuid = {AFBA84F7-2D19-44CB-A6A5-B1819AA87DB7}
	EndGlobalSection
EndGlobal
